
Microsoft Visual Studio Solution File, Format Version 12.00
# Visual Studio Version 16
VisualStudioVersion = 16.0.29424.173
MinimumVisualStudioVersion = 10.0.40219.1
Project("{FAE04EC0-301F-11D3-BF4B-00C04F79EFBC}") = "Aplicacion1", "Aplicacion1\Aplicacion1.csproj", "{EB4A30AA-64B1-4A2B-8481-2B8E06BC6765}"
EndProject
Global
	GlobalSection(SolutionConfigurationPlatforms) = preSolution
		Debug|Any CPU = Debug|Any CPU
		Release|Any CPU = Release|Any CPU
	EndGlobalSection
	GlobalSection(ProjectConfigurationPlatforms) = postSolution
		{EB4A30AA-64B1-4A2B-8481-2B8E06BC6765}.Debug|Any CPU.ActiveCfg = Debug|Any CPU
		{EB4A30AA-64B1-4A2B-8481-2B8E06BC6765}.Debug|Any CPU.Build.0 = Debug|Any CPU
		{EB4A30AA-64B1-4A2B-8481-2B8E06BC6765}.Release|Any CPU.ActiveCfg = Release|Any CPU
		{EB4A30AA-64B1-4A2B-8481-2B8E06BC6765}.Release|Any CPU.Build.0 = Release|Any CPU
	EndGlobalSection
	GlobalSection(SolutionProperties) = preSolution
		HideSolutionNode = FALSE
	EndGlobalSection
	GlobalSection(ExtensibilityGlobals) = postSolution
		SolutionGuid = {8C087189-2183-402F-BA95-3F4BB02ECA6D}
	EndGlobalSection
EndGlobal
